
Microsoft Visual Studio Solution File, Format Version 12.00
# Visual Studio Version 16
VisualStudioVersion = 25.0.1706.2
MinimumVisualStudioVersion = 10.0.40219.1
Project("{FAE04EC0-301F-11D3-BF4B-00C04F79EFBC}") = "backtogame", "backtogame\backtogame.csproj", "{FFD16B1C-BF63-46E4-B49F-EB705BBC48FC}"
EndProject
Global
	GlobalSection(SolutionConfigurationPlatforms) = preSolution
		Debug|Any CPU = Debug|Any CPU
		Release|Any CPU = Release|Any CPU
	EndGlobalSection
	GlobalSection(ProjectConfigurationPlatforms) = postSolution
		{FFD16B1C-BF63-46E4-B49F-EB705BBC48FC}.Debug|Any CPU.ActiveCfg = Debug|Any CPU
		{FFD16B1C-BF63-46E4-B49F-EB705BBC48FC}.Debug|Any CPU.Build.0 = Debug|Any CPU
		{FFD16B1C-BF63-46E4-B49F-EB705BBC48FC}.Release|Any CPU.ActiveCfg = Release|Any CPU
		{FFD16B1C-BF63-46E4-B49F-EB705BBC48FC}.Release|Any CPU.Build.0 = Release|Any CPU
	EndGlobalSection
	GlobalSection(SolutionProperties) = preSolution
		HideSolutionNode = FALSE
	EndGlobalSection
	GlobalSection(ExtensibilityGlobals) = postSolution
		SolutionGuid = {7EC0514E-FE63-462A-A515-5E751F7D9D35}
	EndGlobalSection
EndGlobal
